
Microsoft Visual Studio Solution File, Format Version 12.00
# Visual Studio Version 17
VisualStudioVersion = 17.1.32210.238
MinimumVisualStudioVersion = 10.0.40219.1
Project("{FAE04EC0-301F-11D3-BF4B-00C04F79EFBC}") = "NguyenNgocThien", "NguyenNgocThien\NguyenNgocThien.csproj", "{25DFB3CF-788A-4087-AE8A-0D6662970049}"
EndProject
Global
	GlobalSection(SolutionConfigurationPlatforms) = preSolution
		Debug|Any CPU = Debug|Any CPU
		Release|Any CPU = Release|Any CPU
	EndGlobalSection
	GlobalSection(ProjectConfigurationPlatforms) = postSolution
		{25DFB3CF-788A-4087-AE8A-0D6662970049}.Debug|Any CPU.ActiveCfg = Debug|Any CPU
		{25DFB3CF-788A-4087-AE8A-0D6662970049}.Debug|Any CPU.Build.0 = Debug|Any CPU
		{25DFB3CF-788A-4087-AE8A-0D6662970049}.Release|Any CPU.ActiveCfg = Release|Any CPU
		{25DFB3CF-788A-4087-AE8A-0D6662970049}.Release|Any CPU.Build.0 = Release|Any CPU
	EndGlobalSection
	GlobalSection(SolutionProperties) = preSolution
		HideSolutionNode = FALSE
	EndGlobalSection
	GlobalSection(ExtensibilityGlobals) = postSolution
		SolutionGuid = {6926DD8D-002D-4653-9351-796231EF6DFF}
	EndGlobalSection
EndGlobal
